// !$*UTF8*$!
{
	archiveVersion = 1;
	classes = {
	};
	objectVersion = 48;
	objects = {

/* Begin PBXBuildFile section */
		B809BA8B1F67662100B7F4EB /* AppDelegate.swift in Sources */ = {isa = PBXBuildFile; fileRef = B809BA8A1F67662100B7F4EB /* AppDelegate.swift */; };
		B809BA8D1F67662100B7F4EB /* ViewController.swift in Sources */ = {isa = PBXBuildFile; fileRef = B809BA8C1F67662100B7F4EB /* ViewController.swift */; };
		B809BA901F67662100B7F4EB /* Main.storyboard in Resources */ = {isa = PBXBuildFile; fileRef = B809BA8E1F67662100B7F4EB /* Main.storyboard */; };
		B809BA931F67662100B7F4EB /* Picture_Gallery.xcdatamodeld in Sources */ = {isa = PBXBuildFile; fileRef = B809BA911F67662100B7F4EB /* Picture_Gallery.xcdatamodeld */; };
		B809BA951F67662100B7F4EB /* Assets.xcassets in Resources */ = {isa = PBXBuildFile; fileRef = B809BA941F67662100B7F4EB /* Assets.xcassets */; };
		B809BA981F67662100B7F4EB /* LaunchScreen.storyboard in Resources */ = {isa = PBXBuildFile; fileRef = B809BA961F67662100B7F4EB /* LaunchScreen.storyboard */; };
		B809BAA11F677F2400B7F4EB /* Main.storyboard in Resources */ = {isa = PBXBuildFile; fileRef = B809BAA01F677F2400B7F4EB /* Main.storyboard */; };
		B809BAA31F67849B00B7F4EB /* LocationPhotoViewController.swift in Sources */ = {isa = PBXBuildFile; fileRef = B809BAA21F67849B00B7F4EB /* LocationPhotoViewController.swift */; };
/* End PBXBuildFile section */

/* Begin PBXFileReference section */
		B809BA871F67662100B7F4EB /* Picture Gallery.app */ = {isa = PBXFileReference; explicitFileType = wrapper.application; includeInIndex = 0; path = "Picture Gallery.app"; sourceTree = BUILT_PRODUCTS_DIR; };
		B809BA8A1F67662100B7F4EB /* AppDelegate.swift */ = {isa = PBXFileReference; lastKnownFileType = sourcecode.swift; path = AppDelegate.swift; sourceTree = "<group>"; };
		B809BA8C1F67662100B7F4EB /* ViewController.swift */ = {isa = PBXFileReference; lastKnownFileType = sourcecode.swift; path = ViewController.swift; sourceTree = "<group>"; };
		B809BA8F1F67662100B7F4EB /* Base */ = {isa = PBXFileReference; lastKnownFileType = file.storyboard; name = Base; path = Base.lproj/Main.storyboard; sourceTree = "<group>"; };
		B809BA921F67662100B7F4EB /* Picture_Gallery.xcdatamodel */ = {isa = PBXFileReference; lastKnownFileType = wrapper.xcdatamodel; path = Picture_Gallery.xcdatamodel; sourceTree = "<group>"; };
		B809BA941F67662100B7F4EB /* Assets.xcassets */ = {isa = PBXFileReference; lastKnownFileType = folder.assetcatalog; path = Assets.xcassets; sourceTree = "<group>"; };
		B809BA971F67662100B7F4EB /* Base */ = {isa = PBXFileReference; lastKnownFileType = file.storyboard; name = Base; path = Base.lproj/LaunchScreen.storyboard; sourceTree = "<group>"; };
		B809BA991F67662100B7F4EB /* Info.plist */ = {isa = PBXFileReference; lastKnownFileType = text.plist.xml; path = Info.plist; sourceTree = "<group>"; };
		B809BAA01F677F2400B7F4EB /* Main.storyboard */ = {isa = PBXFileReference; lastKnownFileType = file.storyboard; path = Main.storyboard; sourceTree = "<group>"; };
		B809BAA21F67849B00B7F4EB /* LocationPhotoViewController.swift */ = {isa = PBXFileReference; lastKnownFileType = sourcecode.swift; path = LocationPhotoViewController.swift; sourceTree = "<group>"; };
/* End PBXFileReference section */

/* Begin PBXFrameworksBuildPhase section */
		B809BA841F67662100B7F4EB /* Frameworks */ = {
			isa = PBXFrameworksBuildPhase;
			buildActionMask = 2147483647;
			files = (
			);
			runOnlyForDeploymentPostprocessing = 0;
		};
/* End PBXFrameworksBuildPhase section */

/* Begin PBXGroup section */
		B809BA7E1F67662100B7F4EB = {
			isa = PBXGroup;
			children = (
				B809BA891F67662100B7F4EB /* Picture Gallery */,
				B809BA881F67662100B7F4EB /* Products */,
			);
			sourceTree = "<group>";
		};
		B809BA881F67662100B7F4EB /* Products */ = {
			isa = PBXGroup;
			children = (
				B809BA871F67662100B7F4EB /* Picture Gallery.app */,
			);
			name = Products;
			sourceTree = "<group>";
		};
		B809BA891F67662100B7F4EB /* Picture Gallery */ = {
			isa = PBXGroup;
			children = (
				B809BA8A1F67662100B7F4EB /* AppDelegate.swift */,
				B809BAA21F67849B00B7F4EB /* LocationPhotoViewController.swift */,
				B809BAA01F677F2400B7F4EB /* Main.storyboard */,
				B809BA941F67662100B7F4EB /* Assets.xcassets */,
				B809BA961F67662100B7F4EB /* LaunchScreen.storyboard */,
				B809BA991F67662100B7F4EB /* Info.plist */,
				B809BA911F67662100B7F4EB /* Picture_Gallery.xcdatamodeld */,
				B809BA9F1F677EF600B7F4EB /* Set Location */,
			);
			path = "Picture Gallery";
			sourceTree = "<group>";
		};
		B809BA9F1F677EF600B7F4EB /* Set Location */ = {
			isa = PBXGroup;
			children = (
				B809BA8C1F67662100B7F4EB /* ViewController.swift */,
				B809BA8E1F67662100B7F4EB /* Main.storyboard */,
			);
			path = "Set Location";
			sourceTree = "<group>";
		};
/* End PBXGroup section */

/* Begin PBXNativeTarget section */
		B809BA861F67662100B7F4EB /* Picture Gallery */ = {
			isa = PBXNativeTarget;
			buildConfigurationList = B809BA9C1F67662100B7F4EB /* Build configuration list for PBXNativeTarget "Picture Gallery" */;
			buildPhases = (
				B809BA831F67662100B7F4EB /* Sources */,
				B809BA841F67662100B7F4EB /* Frameworks */,
				B809BA851F67662100B7F4EB /* Resources */,
			);
			buildRules = (
			);
			dependencies = (
			);
			name = "Picture Gallery";
			productName = "Picture Gallery";
			productReference = B809BA871F67662100B7F4EB /* Picture Gallery.app */;
			productType = "com.apple.product-type.application";
		};
/* End PBXNativeTarget section */

/* Begin PBXProject section */
		B809BA7F1F67662100B7F4EB /* Project object */ = {
			isa = PBXProject;
			attributes = {
				LastSwiftUpdateCheck = 0900;
				LastUpgradeCheck = 0900;
				ORGANIZATIONNAME = JCSwifty;
				TargetAttributes = {
					B809BA861F67662100B7F4EB = {
						CreatedOnToolsVersion = 9.0;
					};
				};
			};
			buildConfigurationList = B809BA821F67662100B7F4EB /* Build configuration list for PBXProject "Picture Gallery" */;
			compatibilityVersion = "Xcode 8.0";
			developmentRegion = en;
			hasScannedForEncodings = 0;
			knownRegions = (
				en,
				Base,
			);
			mainGroup = B809BA7E1F67662100B7F4EB;
			productRefGroup = B809BA881F67662100B7F4EB /* Products */;
			projectDirPath = "";
			projectRoot = "";
			targets = (
				B809BA861F67662100B7F4EB /* Picture Gallery */,
			);
		};
/* End PBXProject section */

/* Begin PBXResourcesBuildPhase section */
		B809BA851F67662100B7F4EB /* Resources */ = {
			isa = PBXResourcesBuildPhase;
			buildActionMask = 2147483647;
			files = (
				B809BA981F67662100B7F4EB /* LaunchScreen.storyboard in Resources */,
				B809BAA11F677F2400B7F4EB /* Main.storyboard in Resources */,
				B809BA951F67662100B7F4EB /* Assets.xcassets in Resources */,
				B809BA901F67662100B7F4EB /* Main.storyboard in Resources */,
			);
			runOnlyForDeploymentPostprocessing = 0;
		};
/* End PBXResourcesBuildPhase section */

/* Begin PBXSourcesBuildPhase section */
		B809BA831F67662100B7F4EB /* Sources */ = {
			isa = PBXSourcesBuildPhase;
			buildActionMask = 2147483647;
			files = (
				B809BA8D1F67662100B7F4EB /* ViewController.swift in Sources */,
				B809BA931F67662100B7F4EB /* Picture_Gallery.xcdatamodeld in Sources */,
				B809BAA31F67849B00B7F4EB /* LocationPhotoViewController.swift in Sources */,
				B809BA8B1F67662100B7F4EB /* AppDelegate.swift in Sources */,
			);
			runOnlyForDeploymentPostprocessing = 0;
		};
/* End PBXSourcesBuildPhase section */

/* Begin PBXVariantGroup section */
		B809BA8E1F67662100B7F4EB /* Main.storyboard */ = {
			isa = PBXVariantGroup;
			children = (
				B809BA8F1F67662100B7F4EB /* Base */,
			);
			name = Main.storyboard;
			sourceTree = "<group>";
		};
		B809BA961F67662100B7F4EB /* LaunchScreen.storyboard */ = {
			isa = PBXVariantGroup;
			children = (
				B809BA971F67662100B7F4EB /* Base */,
			);
			name = LaunchScreen.storyboard;
			sourceTree = "<group>";
		};
/* End PBXVariantGroup section */

/* Begin XCBuildConfiguration section */
		B809BA9A1F67662100B7F4EB /* Debug */ = {
			isa = XCBuildConfiguration;
			buildSettings = {
				ALWAYS_SEARCH_USER_PATHS = NO;
				CLANG_ANALYZER_NONNULL = YES;
				CLANG_ANALYZER_NUMBER_OBJECT_CONVERSION = YES_AGGRESSIVE;
				CLANG_CXX_LANGUAGE_STANDARD = "gnu++14";
				CLANG_CXX_LIBRARY = "libc++";
				CLANG_ENABLE_MODULES = YES;
				CLANG_ENABLE_OBJC_ARC = YES;
				CLANG_WARN_BLOCK_CAPTURE_AUTORELEASING = YES;
				CLANG_WARN_BOOL_CONVERSION = YES;
				CLANG_WARN_COMMA = YES;
				CLANG_WARN_CONSTANT_CONVERSION = YES;
				CLANG_WARN_DIRECT_OBJC_ISA_USAGE = YES_ERROR;
				CLANG_WARN_DOCUMENTATION_COMMENTS = YES;
				CLANG_WARN_EMPTY_BODY = YES;
				CLANG_WARN_ENUM_CONVERSION = YES;
				CLANG_WARN_INFINITE_RECURSION = YES;
				CLANG_WARN_INT_CONVERSION = YES;
				CLANG_WARN_NON_LITERAL_NULL_CONVERSION = YES;
				CLANG_WARN_OBJC_LITERAL_CONVERSION = YES;
				CLANG_WARN_OBJC_ROOT_CLASS = YES_ERROR;
				CLANG_WARN_RANGE_LOOP_ANALYSIS = YES;
				CLANG_WARN_STRICT_PROTOTYPES = YES;
				CLANG_WARN_SUSPICIOUS_MOVE = YES;
				CLANG_WARN_UNGUARDED_AVAILABILITY = YES_AGGRESSIVE;
				CLANG_WARN_UNREACHABLE_CODE = YES;
				CLANG_WARN__DUPLICATE_METHOD_MATCH = YES;
				CODE_SIGN_IDENTITY = "iPhone Developer";
				COPY_PHASE_STRIP = NO;
				DEBUG_INFORMATION_FORMAT = dwarf;
				ENABLE_STRICT_OBJC_MSGSEND = YES;
				ENABLE_TESTABILITY = YES;
				GCC_C_LANGUAGE_STANDARD = gnu11;
				GCC_DYNAMIC_NO_PIC = NO;
				GCC_NO_COMMON_BLOCKS = YES;
				GCC_OPTIMIZATION_LEVEL = 0;
				GCC_PREPROCESSOR_DEFINITIONS = (
					"DEBUG=1",
					"$(inherited)",
				);
				GCC_WARN_64_TO_32_BIT_CONVERSION = YES;
				GCC_WARN_ABOUT_RETURN_TYPE = YES_ERROR;
				GCC_WARN_UNDECLARED_SELECTOR = YES;
				GCC_WARN_UNINITIALIZED_AUTOS = YES_AGGRESSIVE;
				GCC_WARN_UNUSED_FUNCTION = YES;
				GCC_WARN_UNUSED_VARIABLE = YES;
				IPHONEOS_DEPLOYMENT_TARGET = 11.0;
				MTL_ENABLE_DEBUG_INFO = YES;
				ONLY_ACTIVE_ARCH = YES;
				SDKROOT = iphoneos;
				SWIFT_ACTIVE_COMPILATION_CONDITIONS = DEBUG;
				SWIFT_OPTIMIZATION_LEVEL = "-Onone";
			};
			name = Debug;
		};
		B809BA9B1F67662100B7F4EB /* Release */ = {
			isa = XCBuildConfiguration;
			buildSettings = {
				ALWAYS_SEARCH_USER_PATHS = NO;
				CLANG_ANALYZER_NONNULL = YES;
				CLANG_ANALYZER_NUMBER_OBJECT_CONVERSION = YES_AGGRESSIVE;
				CLANG_CXX_LANGUAGE_STANDARD = "gnu++14";
				CLANG_CXX_LIBRARY = "libc++";
				CLANG_ENABLE_MODULES = YES;
				CLANG_ENABLE_OBJC_ARC = YES;
				CLANG_WARN_BLOCK_CAPTURE_AUTORELEASING = YES;
				CLANG_WARN_BOOL_CONVERSION = YES;
				CLANG_WARN_COMMA = YES;
				CLANG_WARN_CONSTANT_CONVERSION = YES;
				CLANG_WARN_DIRECT_OBJC_ISA_USAGE = YES_ERROR;
				CLANG_WARN_DOCUMENTATION_COMMENTS = YES;
				CLANG_WARN_EMPTY_BODY = YES;
				CLANG_WARN_ENUM_CONVERSION = YES;
				CLANG_WARN_INFINITE_RECURSION = YES;
				CLANG_WARN_INT_CONVERSION = YES;
				CLANG_WARN_NON_LITERAL_NULL_CONVERSION = YES;
				CLANG_WARN_OBJC_LITERAL_CONVERSION = YES;
				CLANG_WARN_OBJC_ROOT_CLASS = YES_ERROR;
				CLANG_WARN_RANGE_LOOP_ANALYSIS = YES;
				CLANG_WARN_STRICT_PROTOTYPES = YES;
				CLANG_WARN_SUSPICIOUS_MOVE = YES;
				CLANG_WARN_UNGUARDED_AVAILABILITY = YES_AGGRESSIVE;
				CLANG_WARN_UNREACHABLE_CODE = YES;
				CLANG_WARN__DUPLICATE_METHOD_MATCH = YES;
				CODE_SIGN_IDENTITY = "iPhone Developer";
				COPY_PHASE_STRIP = NO;
				DEBUG_INFORMATION_FORMAT = "dwarf-with-dsym";
				ENABLE_NS_ASSERTIONS = NO;
				ENABLE_STRICT_OBJC_MSGSEND = YES;
				GCC_C_LANGUAGE_STANDARD = gnu11;
				GCC_NO_COMMON_BLOCKS = YES;
				GCC_WARN_64_TO_32_BIT_CONVERSION = YES;
				GCC_WARN_ABOUT_RETURN_TYPE = YES_ERROR;
				GCC_WARN_UNDECLARED_SELECTOR = YES;
				GCC_WARN_UNINITIALIZED_AUTOS = YES_AGGRESSIVE;
				GCC_WARN_UNUSED_FUNCTION = YES;
				GCC_WARN_UNUSED_VARIABLE = YES;
				IPHONEOS_DEPLOYMENT_TARGET = 11.0;
				MTL_ENABLE_DEBUG_INFO = NO;
				SDKROOT = iphoneos;
				SWIFT_OPTIMIZATION_LEVEL = "-Owholemodule";
				VALIDATE_PRODUCT = YES;
			};
			name = Release;
		};
		B809BA9D1F67662100B7F4EB /* Debug */ = {
			isa = XCBuildConfiguration;
			buildSettings = {
				ASSETCATALOG_COMPILER_APPICON_NAME = AppIcon;
				DEVELOPMENT_TEAM = 3L8W3EB4SJ;
				INFOPLIST_FILE = "Picture Gallery/Info.plist";
				LD_RUNPATH_SEARCH_PATHS = "$(inherited) @executable_path/Frameworks";
				PRODUCT_BUNDLE_IDENTIFIER = "com.jcswifty.Picture-Gallery";
				PRODUCT_NAME = "$(TARGET_NAME)";
				SWIFT_VERSION = 4.0;
				TARGETED_DEVICE_FAMILY = "1,2";
			};
			name = Debug;
		};
		B809BA9E1F67662100B7F4EB /* Release */ = {
			isa = XCBuildConfiguration;
			buildSettings = {
				ASSETCATALOG_COMPILER_APPICON_NAME = AppIcon;
				DEVELOPMENT_TEAM = 3L8W3EB4SJ;
				INFOPLIST_FILE = "Picture Gallery/Info.plist";
				LD_RUNPATH_SEARCH_PATHS = "$(inherited) @executable_path/Frameworks";
				PRODUCT_BUNDLE_IDENTIFIER = "com.jcswifty.Picture-Gallery";
				PRODUCT_NAME = "$(TARGET_NAME)";
				SWIFT_VERSION = 4.0;
				TARGETED_DEVICE_FAMILY = "1,2";
			};
			name = Release;
		};
/* End XCBuildConfiguration section */

/* Begin XCConfigurationList section */
		B809BA821F67662100B7F4EB /* Build configuration list for PBXProject "Picture Gallery" */ = {
			isa = XCConfigurationList;
			buildConfigurations = (
				B809BA9A1F67662100B7F4EB /* Debug */,
				B809BA9B1F67662100B7F4EB /* Release */,
			);
			defaultConfigurationIsVisible = 0;
			defaultConfigurationName = Release;
		};
		B809BA9C1F67662100B7F4EB /* Build configuration list for PBXNativeTarget "Picture Gallery" */ = {
			isa = XCConfigurationList;
			buildConfigurations = (
				B809BA9D1F67662100B7F4EB /* Debug */,
				B809BA9E1F67662100B7F4EB /* Release */,
			);
			defaultConfigurationIsVisible = 0;
			defaultConfigurationName = Release;
		};
/* End XCConfigurationList section */

/* Begin XCVersionGroup section */
		B809BA911F67662100B7F4EB /* Picture_Gallery.xcdatamodeld */ = {
			isa = XCVersionGroup;
			children = (
				B809BA921F67662100B7F4EB /* Picture_Gallery.xcdatamodel */,
			);
			currentVersion = B809BA921F67662100B7F4EB /* Picture_Gallery.xcdatamodel */;
			path = Picture_Gallery.xcdatamodeld;
			sourceTree = "<group>";
			versionGroupType = wrapper.xcdatamodel;
		};
/* End XCVersionGroup section */
	};
	rootObject = B809BA7F1F67662100B7F4EB /* Project object */;
}
